
Microsoft Visual Studio Solution File, Format Version 12.00
# Visual Studio Version 16
VisualStudioVersion = 16.0.33130.400
MinimumVisualStudioVersion = 10.0.40219.1
Project("{FAE04EC0-301F-11D3-BF4B-00C04F79EFBC}") = "MinhQuan56", "MinhQuan56\MinhQuan56.csproj", "{BB43FEF1-0BA5-4A06-A946-9FCE8FA6BFB9}"
EndProject
Project("{FAE04EC0-301F-11D3-BF4B-00C04F79EFBC}") = "MinhQuan56Tester", "MinhQuan56Tester\MinhQuan56Tester.csproj", "{97DB0A10-F996-40B3-9BB9-76960B25D0ED}"
EndProject
Global
	GlobalSection(SolutionConfigurationPlatforms) = preSolution
		Debug|Any CPU = Debug|Any CPU
		Release|Any CPU = Release|Any CPU
	EndGlobalSection
	GlobalSection(ProjectConfigurationPlatforms) = postSolution
		{BB43FEF1-0BA5-4A06-A946-9FCE8FA6BFB9}.Debug|Any CPU.ActiveCfg = Debug|Any CPU
		{BB43FEF1-0BA5-4A06-A946-9FCE8FA6BFB9}.Debug|Any CPU.Build.0 = Debug|Any CPU
		{BB43FEF1-0BA5-4A06-A946-9FCE8FA6BFB9}.Release|Any CPU.ActiveCfg = Release|Any CPU
		{BB43FEF1-0BA5-4A06-A946-9FCE8FA6BFB9}.Release|Any CPU.Build.0 = Release|Any CPU
		{97DB0A10-F996-40B3-9BB9-76960B25D0ED}.Debug|Any CPU.ActiveCfg = Debug|Any CPU
		{97DB0A10-F996-40B3-9BB9-76960B25D0ED}.Debug|Any CPU.Build.0 = Debug|Any CPU
		{97DB0A10-F996-40B3-9BB9-76960B25D0ED}.Release|Any CPU.ActiveCfg = Release|Any CPU
		{97DB0A10-F996-40B3-9BB9-76960B25D0ED}.Release|Any CPU.Build.0 = Release|Any CPU
	EndGlobalSection
	GlobalSection(SolutionProperties) = preSolution
		HideSolutionNode = FALSE
	EndGlobalSection
	GlobalSection(ExtensibilityGlobals) = postSolution
		SolutionGuid = {BCD69C9E-042C-4066-88F7-DC5EB3367769}
	EndGlobalSection
EndGlobal
